
Microsoft Visual Studio Solution File, Format Version 12.00
# Visual Studio 15
VisualStudioVersion = 15.0.28307.960
MinimumVisualStudioVersion = 10.0.40219.1
Project("{FAE04EC0-301F-11D3-BF4B-00C04F79EFBC}") = "K_Ide", "K_Ide\K_Ide.csproj", "{58F1A089-2410-4465-9A3F-C35F5A7439BA}"
EndProject
Global
	GlobalSection(SolutionConfigurationPlatforms) = preSolution
		Debug|Any CPU = Debug|Any CPU
		Release|Any CPU = Release|Any CPU
	EndGlobalSection
	GlobalSection(ProjectConfigurationPlatforms) = postSolution
		{58F1A089-2410-4465-9A3F-C35F5A7439BA}.Debug|Any CPU.ActiveCfg = Debug|Any CPU
		{58F1A089-2410-4465-9A3F-C35F5A7439BA}.Debug|Any CPU.Build.0 = Debug|Any CPU
		{58F1A089-2410-4465-9A3F-C35F5A7439BA}.Release|Any CPU.ActiveCfg = Release|Any CPU
		{58F1A089-2410-4465-9A3F-C35F5A7439BA}.Release|Any CPU.Build.0 = Release|Any CPU
	EndGlobalSection
	GlobalSection(SolutionProperties) = preSolution
		HideSolutionNode = FALSE
	EndGlobalSection
	GlobalSection(ExtensibilityGlobals) = postSolution
		SolutionGuid = {F871A42E-AA28-4844-8F8D-1087A8CD6B13}
	EndGlobalSection
EndGlobal
